// !$*UTF8*$!
{
	archiveVersion = 1;
	classes = {
	};
	objectVersion = 50;
	objects = {

/* Begin PBXBuildFile section */
		BA05DE9E22F8F75F00323EC1 /* Question.swift in Sources */ = {isa = PBXBuildFile; fileRef = BA05DE9D22F8F75F00323EC1 /* Question.swift */; };
		BA060CE622F9AC1F005CC0F4 /* QuestionBank.swift in Sources */ = {isa = PBXBuildFile; fileRef = BA060CE522F9AC1F005CC0F4 /* QuestionBank.swift */; };
		BAAF867A22F8DD04000554D0 /* AppDelegate.swift in Sources */ = {isa = PBXBuildFile; fileRef = BAAF867922F8DD04000554D0 /* AppDelegate.swift */; };
		BAAF867C22F8DD04000554D0 /* ViewController.swift in Sources */ = {isa = PBXBuildFile; fileRef = BAAF867B22F8DD04000554D0 /* ViewController.swift */; };
		BAAF867F22F8DD04000554D0 /* Main.storyboard in Resources */ = {isa = PBXBuildFile; fileRef = BAAF867D22F8DD04000554D0 /* Main.storyboard */; };
		BAAF868122F8DD05000554D0 /* Assets.xcassets in Resources */ = {isa = PBXBuildFile; fileRef = BAAF868022F8DD05000554D0 /* Assets.xcassets */; };
		BAAF868422F8DD05000554D0 /* LaunchScreen.storyboard in Resources */ = {isa = PBXBuildFile; fileRef = BAAF868222F8DD05000554D0 /* LaunchScreen.storyboard */; };
/* End PBXBuildFile section */

/* Begin PBXFileReference section */
		BA05DE9D22F8F75F00323EC1 /* Question.swift */ = {isa = PBXFileReference; lastKnownFileType = sourcecode.swift; path = Question.swift; sourceTree = "<group>"; };
		BA060CE522F9AC1F005CC0F4 /* QuestionBank.swift */ = {isa = PBXFileReference; lastKnownFileType = sourcecode.swift; path = QuestionBank.swift; sourceTree = "<group>"; };
		BAAF867622F8DD04000554D0 /* TestQuizApp.app */ = {isa = PBXFileReference; explicitFileType = wrapper.application; includeInIndex = 0; path = TestQuizApp.app; sourceTree = BUILT_PRODUCTS_DIR; };
		BAAF867922F8DD04000554D0 /* AppDelegate.swift */ = {isa = PBXFileReference; lastKnownFileType = sourcecode.swift; path = AppDelegate.swift; sourceTree = "<group>"; };
		BAAF867B22F8DD04000554D0 /* ViewController.swift */ = {isa = PBXFileReference; lastKnownFileType = sourcecode.swift; path = ViewController.swift; sourceTree = "<group>"; };
		BAAF867E22F8DD04000554D0 /* Base */ = {isa = PBXFileReference; lastKnownFileType = file.storyboard; name = Base; path = Base.lproj/Main.storyboard; sourceTree = "<group>"; };
		BAAF868022F8DD05000554D0 /* Assets.xcassets */ = {isa = PBXFileReference; lastKnownFileType = folder.assetcatalog; path = Assets.xcassets; sourceTree = "<group>"; };
		BAAF868322F8DD05000554D0 /* Base */ = {isa = PBXFileReference; lastKnownFileType = file.storyboard; name = Base; path = Base.lproj/LaunchScreen.storyboard; sourceTree = "<group>"; };
		BAAF868522F8DD05000554D0 /* Info.plist */ = {isa = PBXFileReference; lastKnownFileType = text.plist.xml; path = Info.plist; sourceTree = "<group>"; };
/* End PBXFileReference section */

/* Begin PBXFrameworksBuildPhase section */
		BAAF867322F8DD04000554D0 /* Frameworks */ = {
			isa = PBXFrameworksBuildPhase;
			buildActionMask = 2147483647;
			files = (
			);
			runOnlyForDeploymentPostprocessing = 0;
		};
/* End PBXFrameworksBuildPhase section */

/* Begin PBXGroup section */
		BA05DE9A22F8F25600323EC1 /* Controller */ = {
			isa = PBXGroup;
			children = (
				BAAF867B22F8DD04000554D0 /* ViewController.swift */,
				BAAF867922F8DD04000554D0 /* AppDelegate.swift */,
			);
			path = Controller;
			sourceTree = "<group>";
		};
		BA05DE9B22F8F26400323EC1 /* View */ = {
			isa = PBXGroup;
			children = (
				BAAF867D22F8DD04000554D0 /* Main.storyboard */,
				BAAF868022F8DD05000554D0 /* Assets.xcassets */,
			);
			path = View;
			sourceTree = "<group>";
		};
		BA05DE9C22F8F27F00323EC1 /* Model */ = {
			isa = PBXGroup;
			children = (
				BA05DE9D22F8F75F00323EC1 /* Question.swift */,
				BA060CE522F9AC1F005CC0F4 /* QuestionBank.swift */,
			);
			path = Model;
			sourceTree = "<group>";
		};
		BAAF866D22F8DD04000554D0 = {
			isa = PBXGroup;
			children = (
				BAAF867822F8DD04000554D0 /* TestQuizApp */,
				BAAF867722F8DD04000554D0 /* Products */,
			);
			sourceTree = "<group>";
		};
		BAAF867722F8DD04000554D0 /* Products */ = {
			isa = PBXGroup;
			children = (
				BAAF867622F8DD04000554D0 /* TestQuizApp.app */,
			);
			name = Products;
			sourceTree = "<group>";
		};
		BAAF867822F8DD04000554D0 /* TestQuizApp */ = {
			isa = PBXGroup;
			children = (
				BA05DE9C22F8F27F00323EC1 /* Model */,
				BA05DE9B22F8F26400323EC1 /* View */,
				BA05DE9A22F8F25600323EC1 /* Controller */,
				BAAF868222F8DD05000554D0 /* LaunchScreen.storyboard */,
				BAAF868522F8DD05000554D0 /* Info.plist */,
			);
			path = TestQuizApp;
			sourceTree = "<group>";
		};
/* End PBXGroup section */

/* Begin PBXNativeTarget section */
		BAAF867522F8DD04000554D0 /* TestQuizApp */ = {
			isa = PBXNativeTarget;
			buildConfigurationList = BAAF868822F8DD05000554D0 /* Build configuration list for PBXNativeTarget "TestQuizApp" */;
			buildPhases = (
				BAAF867222F8DD04000554D0 /* Sources */,
				BAAF867322F8DD04000554D0 /* Frameworks */,
				BAAF867422F8DD04000554D0 /* Resources */,
			);
			buildRules = (
			);
			dependencies = (
			);
			name = TestQuizApp;
			productName = TestQuizApp;
			productReference = BAAF867622F8DD04000554D0 /* TestQuizApp.app */;
			productType = "com.apple.product-type.application";
		};
/* End PBXNativeTarget section */

/* Begin PBXProject section */
		BAAF866E22F8DD04000554D0 /* Project object */ = {
			isa = PBXProject;
			attributes = {
				LastSwiftUpdateCheck = 1020;
				LastUpgradeCheck = 1020;
				ORGANIZATIONNAME = Mohamed74;
				TargetAttributes = {
					BAAF867522F8DD04000554D0 = {
						CreatedOnToolsVersion = 10.2;
					};
				};
			};
			buildConfigurationList = BAAF867122F8DD04000554D0 /* Build configuration list for PBXProject "TestQuizApp" */;
			compatibilityVersion = "Xcode 9.3";
			developmentRegion = en;
			hasScannedForEncodings = 0;
			knownRegions = (
				en,
				Base,
			);
			mainGroup = BAAF866D22F8DD04000554D0;
			productRefGroup = BAAF867722F8DD04000554D0 /* Products */;
			projectDirPath = "";
			projectRoot = "";
			targets = (
				BAAF867522F8DD04000554D0 /* TestQuizApp */,
			);
		};
/* End PBXProject section */

/* Begin PBXResourcesBuildPhase section */
		BAAF867422F8DD04000554D0 /* Resources */ = {
			isa = PBXResourcesBuildPhase;
			buildActionMask = 2147483647;
			files = (
				BAAF868422F8DD05000554D0 /* LaunchScreen.storyboard in Resources */,
				BAAF868122F8DD05000554D0 /* Assets.xcassets in Resources */,
				BAAF867F22F8DD04000554D0 /* Main.storyboard in Resources */,
			);
			runOnlyForDeploymentPostprocessing = 0;
		};
/* End PBXResourcesBuildPhase section */

/* Begin PBXSourcesBuildPhase section */
		BAAF867222F8DD04000554D0 /* Sources */ = {
			isa = PBXSourcesBuildPhase;
			buildActionMask = 2147483647;
			files = (
				BA05DE9E22F8F75F00323EC1 /* Question.swift in Sources */,
				BA060CE622F9AC1F005CC0F4 /* QuestionBank.swift in Sources */,
				BAAF867C22F8DD04000554D0 /* ViewController.swift in Sources */,
				BAAF867A22F8DD04000554D0 /* AppDelegate.swift in Sources */,
			);
			runOnlyForDeploymentPostprocessing = 0;
		};
/* End PBXSourcesBuildPhase section */

/* Begin PBXVariantGroup section */
		BAAF867D22F8DD04000554D0 /* Main.storyboard */ = {
			isa = PBXVariantGroup;
			children = (
				BAAF867E22F8DD04000554D0 /* Base */,
			);
			name = Main.storyboard;
			sourceTree = "<group>";
		};
		BAAF868222F8DD05000554D0 /* LaunchScreen.storyboard */ = {
			isa = PBXVariantGroup;
			children = (
				BAAF868322F8DD05000554D0 /* Base */,
			);
			name = LaunchScreen.storyboard;
			sourceTree = "<group>";
		};
/* End PBXVariantGroup section */

/* Begin XCBuildConfiguration section */
		BAAF868622F8DD05000554D0 /* Debug */ = {
			isa = XCBuildConfiguration;
			buildSettings = {
				ALWAYS_SEARCH_USER_PATHS = NO;
				CLANG_ANALYZER_NONNULL = YES;
				CLANG_ANALYZER_NUMBER_OBJECT_CONVERSION = YES_AGGRESSIVE;
				CLANG_CXX_LANGUAGE_STANDARD = "gnu++14";
				CLANG_CXX_LIBRARY = "libc++";
				CLANG_ENABLE_MODULES = YES;
				CLANG_ENABLE_OBJC_ARC = YES;
				CLANG_ENABLE_OBJC_WEAK = YES;
				CLANG_WARN_BLOCK_CAPTURE_AUTORELEASING = YES;
				CLANG_WARN_BOOL_CONVERSION = YES;
				CLANG_WARN_COMMA = YES;
				CLANG_WARN_CONSTANT_CONVERSION = YES;
				CLANG_WARN_DEPRECATED_OBJC_IMPLEMENTATIONS = YES;
				CLANG_WARN_DIRECT_OBJC_ISA_USAGE = YES_ERROR;
				CLANG_WARN_DOCUMENTATION_COMMENTS = YES;
				CLANG_WARN_EMPTY_BODY = YES;
				CLANG_WARN_ENUM_CONVERSION = YES;
				CLANG_WARN_INFINITE_RECURSION = YES;
				CLANG_WARN_INT_CONVERSION = YES;
				CLANG_WARN_NON_LITERAL_NULL_CONVERSION = YES;
				CLANG_WARN_OBJC_IMPLICIT_RETAIN_SELF = YES;
				CLANG_WARN_OBJC_LITERAL_CONVERSION = YES;
				CLANG_WARN_OBJC_ROOT_CLASS = YES_ERROR;
				CLANG_WARN_RANGE_LOOP_ANALYSIS = YES;
				CLANG_WARN_STRICT_PROTOTYPES = YES;
				CLANG_WARN_SUSPICIOUS_MOVE = YES;
				CLANG_WARN_UNGUARDED_AVAILABILITY = YES_AGGRESSIVE;
				CLANG_WARN_UNREACHABLE_CODE = YES;
				CLANG_WARN__DUPLICATE_METHOD_MATCH = YES;
				CODE_SIGN_IDENTITY = "iPhone Developer";
				COPY_PHASE_STRIP = NO;
				DEBUG_INFORMATION_FORMAT = dwarf;
				ENABLE_STRICT_OBJC_MSGSEND = YES;
				ENABLE_TESTABILITY = YES;
				GCC_C_LANGUAGE_STANDARD = gnu11;
				GCC_DYNAMIC_NO_PIC = NO;
				GCC_NO_COMMON_BLOCKS = YES;
				GCC_OPTIMIZATION_LEVEL = 0;
				GCC_PREPROCESSOR_DEFINITIONS = (
					"DEBUG=1",
					"$(inherited)",
				);
				GCC_WARN_64_TO_32_BIT_CONVERSION = YES;
				GCC_WARN_ABOUT_RETURN_TYPE = YES_ERROR;
				GCC_WARN_UNDECLARED_SELECTOR = YES;
				GCC_WARN_UNINITIALIZED_AUTOS = YES_AGGRESSIVE;
				GCC_WARN_UNUSED_FUNCTION = YES;
				GCC_WARN_UNUSED_VARIABLE = YES;
				IPHONEOS_DEPLOYMENT_TARGET = 12.2;
				MTL_ENABLE_DEBUG_INFO = INCLUDE_SOURCE;
				MTL_FAST_MATH = YES;
				ONLY_ACTIVE_ARCH = YES;
				SDKROOT = iphoneos;
				SWIFT_ACTIVE_COMPILATION_CONDITIONS = DEBUG;
				SWIFT_OPTIMIZATION_LEVEL = "-Onone";
			};
			name = Debug;
		};
		BAAF868722F8DD05000554D0 /* Release */ = {
			isa = XCBuildConfiguration;
			buildSettings = {
				ALWAYS_SEARCH_USER_PATHS = NO;
				CLANG_ANALYZER_NONNULL = YES;
				CLANG_ANALYZER_NUMBER_OBJECT_CONVERSION = YES_AGGRESSIVE;
				CLANG_CXX_LANGUAGE_STANDARD = "gnu++14";
				CLANG_CXX_LIBRARY = "libc++";
				CLANG_ENABLE_MODULES = YES;
				CLANG_ENABLE_OBJC_ARC = YES;
				CLANG_ENABLE_OBJC_WEAK = YES;
				CLANG_WARN_BLOCK_CAPTURE_AUTORELEASING = YES;
				CLANG_WARN_BOOL_CONVERSION = YES;
				CLANG_WARN_COMMA = YES;
				CLANG_WARN_CONSTANT_CONVERSION = YES;
				CLANG_WARN_DEPRECATED_OBJC_IMPLEMENTATIONS = YES;
				CLANG_WARN_DIRECT_OBJC_ISA_USAGE = YES_ERROR;
				CLANG_WARN_DOCUMENTATION_COMMENTS = YES;
				CLANG_WARN_EMPTY_BODY = YES;
				CLANG_WARN_ENUM_CONVERSION = YES;
				CLANG_WARN_INFINITE_RECURSION = YES;
				CLANG_WARN_INT_CONVERSION = YES;
				CLANG_WARN_NON_LITERAL_NULL_CONVERSION = YES;
				CLANG_WARN_OBJC_IMPLICIT_RETAIN_SELF = YES;
				CLANG_WARN_OBJC_LITERAL_CONVERSION = YES;
				CLANG_WARN_OBJC_ROOT_CLASS = YES_ERROR;
				CLANG_WARN_RANGE_LOOP_ANALYSIS = YES;
				CLANG_WARN_STRICT_PROTOTYPES = YES;
				CLANG_WARN_SUSPICIOUS_MOVE = YES;
				CLANG_WARN_UNGUARDED_AVAILABILITY = YES_AGGRESSIVE;
				CLANG_WARN_UNREACHABLE_CODE = YES;
				CLANG_WARN__DUPLICATE_METHOD_MATCH = YES;
				CODE_SIGN_IDENTITY = "iPhone Developer";
				COPY_PHASE_STRIP = NO;
				DEBUG_INFORMATION_FORMAT = "dwarf-with-dsym";
				ENABLE_NS_ASSERTIONS = NO;
				ENABLE_STRICT_OBJC_MSGSEND = YES;
				GCC_C_LANGUAGE_STANDARD = gnu11;
				GCC_NO_COMMON_BLOCKS = YES;
				GCC_WARN_64_TO_32_BIT_CONVERSION = YES;
				GCC_WARN_ABOUT_RETURN_TYPE = YES_ERROR;
				GCC_WARN_UNDECLARED_SELECTOR = YES;
				GCC_WARN_UNINITIALIZED_AUTOS = YES_AGGRESSIVE;
				GCC_WARN_UNUSED_FUNCTION = YES;
				GCC_WARN_UNUSED_VARIABLE = YES;
				IPHONEOS_DEPLOYMENT_TARGET = 12.2;
				MTL_ENABLE_DEBUG_INFO = NO;
				MTL_FAST_MATH = YES;
				SDKROOT = iphoneos;
				SWIFT_COMPILATION_MODE = wholemodule;
				SWIFT_OPTIMIZATION_LEVEL = "-O";
				VALIDATE_PRODUCT = YES;
			};
			name = Release;
		};
		BAAF868922F8DD05000554D0 /* Debug */ = {
			isa = XCBuildConfiguration;
			buildSettings = {
				ASSETCATALOG_COMPILER_APPICON_NAME = AppIcon;
				CODE_SIGN_STYLE = Automatic;
				INFOPLIST_FILE = TestQuizApp/Info.plist;
				LD_RUNPATH_SEARCH_PATHS = (
					"$(inherited)",
					"@executable_path/Frameworks",
				);
				PRODUCT_BUNDLE_IDENTIFIER = "Mohamed-osama.TestQuizApp";
				PRODUCT_NAME = "$(TARGET_NAME)";
				SWIFT_VERSION = 5.0;
				TARGETED_DEVICE_FAMILY = "1,2";
			};
			name = Debug;
		};
		BAAF868A22F8DD05000554D0 /* Release */ = {
			isa = XCBuildConfiguration;
			buildSettings = {
				ASSETCATALOG_COMPILER_APPICON_NAME = AppIcon;
				CODE_SIGN_STYLE = Automatic;
				INFOPLIST_FILE = TestQuizApp/Info.plist;
				LD_RUNPATH_SEARCH_PATHS = (
					"$(inherited)",
					"@executable_path/Frameworks",
				);
				PRODUCT_BUNDLE_IDENTIFIER = "Mohamed-osama.TestQuizApp";
				PRODUCT_NAME = "$(TARGET_NAME)";
				SWIFT_VERSION = 5.0;
				TARGETED_DEVICE_FAMILY = "1,2";
			};
			name = Release;
		};
/* End XCBuildConfiguration section */

/* Begin XCConfigurationList section */
		BAAF867122F8DD04000554D0 /* Build configuration list for PBXProject "TestQuizApp" */ = {
			isa = XCConfigurationList;
			buildConfigurations = (
				BAAF868622F8DD05000554D0 /* Debug */,
				BAAF868722F8DD05000554D0 /* Release */,
			);
			defaultConfigurationIsVisible = 0;
			defaultConfigurationName = Release;
		};
		BAAF868822F8DD05000554D0 /* Build configuration list for PBXNativeTarget "TestQuizApp" */ = {
			isa = XCConfigurationList;
			buildConfigurations = (
				BAAF868922F8DD05000554D0 /* Debug */,
				BAAF868A22F8DD05000554D0 /* Release */,
			);
			defaultConfigurationIsVisible = 0;
			defaultConfigurationName = Release;
		};
/* End XCConfigurationList section */
	};
	rootObject = BAAF866E22F8DD04000554D0 /* Project object */;
}
